
Microsoft Visual Studio Solution File, Format Version 12.00
# Visual Studio Version 17
VisualStudioVersion = 17.6.33829.357
MinimumVisualStudioVersion = 10.0.40219.1
Project("{8BC9CEB8-8B4A-11D0-8D11-00A0C91BC942}") = "001_evenNumber", "001_evenNumber\001_evenNumber.vcxproj", "{DDCDB3AE-104E-4F7F-9DC5-41F78654D45A}"
EndProject
Project("{8BC9CEB8-8B4A-11D0-8D11-00A0C91BC942}") = "002_PlusMinus", "002_PlusMinus\002_PlusMinus.vcxproj", "{9B230399-E913-4211-90B4-53520C91ECC6}"
EndProject
Project("{8BC9CEB8-8B4A-11D0-8D11-00A0C91BC942}") = "003_sort3Numbers", "003_sort3Numbers\003_sort3Numbers.vcxproj", "{DF5AFEBB-F6F8-4619-AB8D-1188CF3A0649}"
EndProject
Project("{8BC9CEB8-8B4A-11D0-8D11-00A0C91BC942}") = "004_switch", "004_switch\004_switch.vcxproj", "{9A2E7A11-87D6-4C24-BE3B-1EEE6C535AC2}"
EndProject
Project("{8BC9CEB8-8B4A-11D0-8D11-00A0C91BC942}") = "005_while", "while\while.vcxproj", "{B1A91AC6-418A-4F43-BE43-21DC60E42B58}"
EndProject
Project("{8BC9CEB8-8B4A-11D0-8D11-00A0C91BC942}") = "006_do_While", "006_do_While\006_do_While.vcxproj", "{19CCF746-FE4F-4B36-88C4-703F4AACE2CC}"
EndProject
Project("{8BC9CEB8-8B4A-11D0-8D11-00A0C91BC942}") = "007_while_ex", "007_while_ex\007_while_ex.vcxproj", "{B7F9777F-3BBD-49A2-BCBC-0E7DE581888C}"
EndProject
Project("{8BC9CEB8-8B4A-11D0-8D11-00A0C91BC942}") = "008_oddNumber", "008_\008_.vcxproj", "{7259C3B0-B906-4B5C-8352-37EEF1727B59}"
EndProject
Project("{8BC9CEB8-8B4A-11D0-8D11-00A0C91BC942}") = "009_sum", "009_sum\009_sum.vcxproj", "{93CB5CDC-FA2B-469D-B068-25BAE9E63C07}"
EndProject
Project("{8BC9CEB8-8B4A-11D0-8D11-00A0C91BC942}") = "010_for", "010_for\010_for.vcxproj", "{78DB4485-5157-485D-8DD1-AE83DDCD718E}"
EndProject
Project("{8BC9CEB8-8B4A-11D0-8D11-00A0C91BC942}") = "011_power", "011_power\011_power.vcxproj", "{C2AE4146-188B-409A-A81F-37476C3D322E}"
EndProject
Project("{8BC9CEB8-8B4A-11D0-8D11-00A0C91BC942}") = "012_factorial", "012_factorial\012_factorial.vcxproj", "{268FA3A1-19A1-4A3A-897E-A5332D082B75}"
EndProject
Project("{8BC9CEB8-8B4A-11D0-8D11-00A0C91BC942}") = "013_continue", "013_continue\013_continue.vcxproj", "{6471120A-DBE4-4977-9DE9-9964C6096DFC}"
EndProject
Project("{8BC9CEB8-8B4A-11D0-8D11-00A0C91BC942}") = "014_loopEx", "014_loopEx\014_loopEx.vcxproj", "{5D504818-04A4-4698-B3BA-925F54953423}"
EndProject
Project("{8BC9CEB8-8B4A-11D0-8D11-00A0C91BC942}") = "015_nestedLoop", "015_\015_.vcxproj", "{FA1813C1-F8EE-4235-B18B-04137F19406D}"
EndProject
Project("{8BC9CEB8-8B4A-11D0-8D11-00A0C91BC942}") = "016_pyramid", "016_\016_.vcxproj", "{D05CB609-2593-4600-B4B7-E40310B3CBA4}"
EndProject
Project("{8BC9CEB8-8B4A-11D0-8D11-00A0C91BC942}") = "017_", "017_혀형무\017_혀형무.vcxproj", "{C95370C4-2763-42B7-8C3A-79EABC5F7895}"
EndProject
Global
	GlobalSection(SolutionConfigurationPlatforms) = preSolution
		Debug|x64 = Debug|x64
		Debug|x86 = Debug|x86
		Release|x64 = Release|x64
		Release|x86 = Release|x86
	EndGlobalSection
	GlobalSection(ProjectConfigurationPlatforms) = postSolution
		{DDCDB3AE-104E-4F7F-9DC5-41F78654D45A}.Debug|x64.ActiveCfg = Debug|x64
		{DDCDB3AE-104E-4F7F-9DC5-41F78654D45A}.Debug|x64.Build.0 = Debug|x64
		{DDCDB3AE-104E-4F7F-9DC5-41F78654D45A}.Debug|x86.ActiveCfg = Debug|Win32
		{DDCDB3AE-104E-4F7F-9DC5-41F78654D45A}.Debug|x86.Build.0 = Debug|Win32
		{DDCDB3AE-104E-4F7F-9DC5-41F78654D45A}.Release|x64.ActiveCfg = Release|x64
		{DDCDB3AE-104E-4F7F-9DC5-41F78654D45A}.Release|x64.Build.0 = Release|x64
		{DDCDB3AE-104E-4F7F-9DC5-41F78654D45A}.Release|x86.ActiveCfg = Release|Win32
		{DDCDB3AE-104E-4F7F-9DC5-41F78654D45A}.Release|x86.Build.0 = Release|Win32
		{9B230399-E913-4211-90B4-53520C91ECC6}.Debug|x64.ActiveCfg = Debug|x64
		{9B230399-E913-4211-90B4-53520C91ECC6}.Debug|x64.Build.0 = Debug|x64
		{9B230399-E913-4211-90B4-53520C91ECC6}.Debug|x86.ActiveCfg = Debug|Win32
		{9B230399-E913-4211-90B4-53520C91ECC6}.Debug|x86.Build.0 = Debug|Win32
		{9B230399-E913-4211-90B4-53520C91ECC6}.Release|x64.ActiveCfg = Release|x64
		{9B230399-E913-4211-90B4-53520C91ECC6}.Release|x64.Build.0 = Release|x64
		{9B230399-E913-4211-90B4-53520C91ECC6}.Release|x86.ActiveCfg = Release|Win32
		{9B230399-E913-4211-90B4-53520C91ECC6}.Release|x86.Build.0 = Release|Win32
		{DF5AFEBB-F6F8-4619-AB8D-1188CF3A0649}.Debug|x64.ActiveCfg = Debug|x64
		{DF5AFEBB-F6F8-4619-AB8D-1188CF3A0649}.Debug|x64.Build.0 = Debug|x64
		{DF5AFEBB-F6F8-4619-AB8D-1188CF3A0649}.Debug|x86.ActiveCfg = Debug|Win32
		{DF5AFEBB-F6F8-4619-AB8D-1188CF3A0649}.Debug|x86.Build.0 = Debug|Win32
		{DF5AFEBB-F6F8-4619-AB8D-1188CF3A0649}.Release|x64.ActiveCfg = Release|x64
		{DF5AFEBB-F6F8-4619-AB8D-1188CF3A0649}.Release|x64.Build.0 = Release|x64
		{DF5AFEBB-F6F8-4619-AB8D-1188CF3A0649}.Release|x86.ActiveCfg = Release|Win32
		{DF5AFEBB-F6F8-4619-AB8D-1188CF3A0649}.Release|x86.Build.0 = Release|Win32
		{9A2E7A11-87D6-4C24-BE3B-1EEE6C535AC2}.Debug|x64.ActiveCfg = Debug|x64
		{9A2E7A11-87D6-4C24-BE3B-1EEE6C535AC2}.Debug|x64.Build.0 = Debug|x64
		{9A2E7A11-87D6-4C24-BE3B-1EEE6C535AC2}.Debug|x86.ActiveCfg = Debug|Win32
		{9A2E7A11-87D6-4C24-BE3B-1EEE6C535AC2}.Debug|x86.Build.0 = Debug|Win32
		{9A2E7A11-87D6-4C24-BE3B-1EEE6C535AC2}.Release|x64.ActiveCfg = Release|x64
		{9A2E7A11-87D6-4C24-BE3B-1EEE6C535AC2}.Release|x64.Build.0 = Release|x64
		{9A2E7A11-87D6-4C24-BE3B-1EEE6C535AC2}.Release|x86.ActiveCfg = Release|Win32
		{9A2E7A11-87D6-4C24-BE3B-1EEE6C535AC2}.Release|x86.Build.0 = Release|Win32
		{B1A91AC6-418A-4F43-BE43-21DC60E42B58}.Debug|x64.ActiveCfg = Debug|x64
		{B1A91AC6-418A-4F43-BE43-21DC60E42B58}.Debug|x64.Build.0 = Debug|x64
		{B1A91AC6-418A-4F43-BE43-21DC60E42B58}.Debug|x86.ActiveCfg = Debug|Win32
		{B1A91AC6-418A-4F43-BE43-21DC60E42B58}.Debug|x86.Build.0 = Debug|Win32
		{B1A91AC6-418A-4F43-BE43-21DC60E42B58}.Release|x64.ActiveCfg = Release|x64
		{B1A91AC6-418A-4F43-BE43-21DC60E42B58}.Release|x64.Build.0 = Release|x64
		{B1A91AC6-418A-4F43-BE43-21DC60E42B58}.Release|x86.ActiveCfg = Release|Win32
		{B1A91AC6-418A-4F43-BE43-21DC60E42B58}.Release|x86.Build.0 = Release|Win32
		{19CCF746-FE4F-4B36-88C4-703F4AACE2CC}.Debug|x64.ActiveCfg = Debug|x64
		{19CCF746-FE4F-4B36-88C4-703F4AACE2CC}.Debug|x64.Build.0 = Debug|x64
		{19CCF746-FE4F-4B36-88C4-703F4AACE2CC}.Debug|x86.ActiveCfg = Debug|Win32
		{19CCF746-FE4F-4B36-88C4-703F4AACE2CC}.Debug|x86.Build.0 = Debug|Win32
		{19CCF746-FE4F-4B36-88C4-703F4AACE2CC}.Release|x64.ActiveCfg = Release|x64
		{19CCF746-FE4F-4B36-88C4-703F4AACE2CC}.Release|x64.Build.0 = Release|x64
		{19CCF746-FE4F-4B36-88C4-703F4AACE2CC}.Release|x86.ActiveCfg = Release|Win32
		{19CCF746-FE4F-4B36-88C4-703F4AACE2CC}.Release|x86.Build.0 = Release|Win32
		{B7F9777F-3BBD-49A2-BCBC-0E7DE581888C}.Debug|x64.ActiveCfg = Debug|x64
		{B7F9777F-3BBD-49A2-BCBC-0E7DE581888C}.Debug|x64.Build.0 = Debug|x64
		{B7F9777F-3BBD-49A2-BCBC-0E7DE581888C}.Debug|x86.ActiveCfg = Debug|Win32
		{B7F9777F-3BBD-49A2-BCBC-0E7DE581888C}.Debug|x86.Build.0 = Debug|Win32
		{B7F9777F-3BBD-49A2-BCBC-0E7DE581888C}.Release|x64.ActiveCfg = Release|x64
		{B7F9777F-3BBD-49A2-BCBC-0E7DE581888C}.Release|x64.Build.0 = Release|x64
		{B7F9777F-3BBD-49A2-BCBC-0E7DE581888C}.Release|x86.ActiveCfg = Release|Win32
		{B7F9777F-3BBD-49A2-BCBC-0E7DE581888C}.Release|x86.Build.0 = Release|Win32
		{7259C3B0-B906-4B5C-8352-37EEF1727B59}.Debug|x64.ActiveCfg = Debug|x64
		{7259C3B0-B906-4B5C-8352-37EEF1727B59}.Debug|x64.Build.0 = Debug|x64
		{7259C3B0-B906-4B5C-8352-37EEF1727B59}.Debug|x86.ActiveCfg = Debug|Win32
		{7259C3B0-B906-4B5C-8352-37EEF1727B59}.Debug|x86.Build.0 = Debug|Win32
		{7259C3B0-B906-4B5C-8352-37EEF1727B59}.Release|x64.ActiveCfg = Release|x64
		{7259C3B0-B906-4B5C-8352-37EEF1727B59}.Release|x64.Build.0 = Release|x64
		{7259C3B0-B906-4B5C-8352-37EEF1727B59}.Release|x86.ActiveCfg = Release|Win32
		{7259C3B0-B906-4B5C-8352-37EEF1727B59}.Release|x86.Build.0 = Release|Win32
		{93CB5CDC-FA2B-469D-B068-25BAE9E63C07}.Debug|x64.ActiveCfg = Debug|x64
		{93CB5CDC-FA2B-469D-B068-25BAE9E63C07}.Debug|x64.Build.0 = Debug|x64
		{93CB5CDC-FA2B-469D-B068-25BAE9E63C07}.Debug|x86.ActiveCfg = Debug|Win32
		{93CB5CDC-FA2B-469D-B068-25BAE9E63C07}.Debug|x86.Build.0 = Debug|Win32
		{93CB5CDC-FA2B-469D-B068-25BAE9E63C07}.Release|x64.ActiveCfg = Release|x64
		{93CB5CDC-FA2B-469D-B068-25BAE9E63C07}.Release|x64.Build.0 = Release|x64
		{93CB5CDC-FA2B-469D-B068-25BAE9E63C07}.Release|x86.ActiveCfg = Release|Win32
		{93CB5CDC-FA2B-469D-B068-25BAE9E63C07}.Release|x86.Build.0 = Release|Win32
		{78DB4485-5157-485D-8DD1-AE83DDCD718E}.Debug|x64.ActiveCfg = Debug|x64
		{78DB4485-5157-485D-8DD1-AE83DDCD718E}.Debug|x64.Build.0 = Debug|x64
		{78DB4485-5157-485D-8DD1-AE83DDCD718E}.Debug|x86.ActiveCfg = Debug|Win32
		{78DB4485-5157-485D-8DD1-AE83DDCD718E}.Debug|x86.Build.0 = Debug|Win32
		{78DB4485-5157-485D-8DD1-AE83DDCD718E}.Release|x64.ActiveCfg = Release|x64
		{78DB4485-5157-485D-8DD1-AE83DDCD718E}.Release|x64.Build.0 = Release|x64
		{78DB4485-5157-485D-8DD1-AE83DDCD718E}.Release|x86.ActiveCfg = Release|Win32
		{78DB4485-5157-485D-8DD1-AE83DDCD718E}.Release|x86.Build.0 = Release|Win32
		{C2AE4146-188B-409A-A81F-37476C3D322E}.Debug|x64.ActiveCfg = Debug|x64
		{C2AE4146-188B-409A-A81F-37476C3D322E}.Debug|x64.Build.0 = Debug|x64
		{C2AE4146-188B-409A-A81F-37476C3D322E}.Debug|x86.ActiveCfg = Debug|Win32
		{C2AE4146-188B-409A-A81F-37476C3D322E}.Debug|x86.Build.0 = Debug|Win32
		{C2AE4146-188B-409A-A81F-37476C3D322E}.Release|x64.ActiveCfg = Release|x64
		{C2AE4146-188B-409A-A81F-37476C3D322E}.Release|x64.Build.0 = Release|x64
		{C2AE4146-188B-409A-A81F-37476C3D322E}.Release|x86.ActiveCfg = Release|Win32
		{C2AE4146-188B-409A-A81F-37476C3D322E}.Release|x86.Build.0 = Release|Win32
		{268FA3A1-19A1-4A3A-897E-A5332D082B75}.Debug|x64.ActiveCfg = Debug|x64
		{268FA3A1-19A1-4A3A-897E-A5332D082B75}.Debug|x64.Build.0 = Debug|x64
		{268FA3A1-19A1-4A3A-897E-A5332D082B75}.Debug|x86.ActiveCfg = Debug|Win32
		{268FA3A1-19A1-4A3A-897E-A5332D082B75}.Debug|x86.Build.0 = Debug|Win32
		{268FA3A1-19A1-4A3A-897E-A5332D082B75}.Release|x64.ActiveCfg = Release|x64
		{268FA3A1-19A1-4A3A-897E-A5332D082B75}.Release|x64.Build.0 = Release|x64
		{268FA3A1-19A1-4A3A-897E-A5332D082B75}.Release|x86.ActiveCfg = Release|Win32
		{268FA3A1-19A1-4A3A-897E-A5332D082B75}.Release|x86.Build.0 = Release|Win32
		{6471120A-DBE4-4977-9DE9-9964C6096DFC}.Debug|x64.ActiveCfg = Debug|x64
		{6471120A-DBE4-4977-9DE9-9964C6096DFC}.Debug|x64.Build.0 = Debug|x64
		{6471120A-DBE4-4977-9DE9-9964C6096DFC}.Debug|x86.ActiveCfg = Debug|Win32
		{6471120A-DBE4-4977-9DE9-9964C6096DFC}.Debug|x86.Build.0 = Debug|Win32
		{6471120A-DBE4-4977-9DE9-9964C6096DFC}.Release|x64.ActiveCfg = Release|x64
		{6471120A-DBE4-4977-9DE9-9964C6096DFC}.Release|x64.Build.0 = Release|x64
		{6471120A-DBE4-4977-9DE9-9964C6096DFC}.Release|x86.ActiveCfg = Release|Win32
		{6471120A-DBE4-4977-9DE9-9964C6096DFC}.Release|x86.Build.0 = Release|Win32
		{5D504818-04A4-4698-B3BA-925F54953423}.Debug|x64.ActiveCfg = Debug|x64
		{5D504818-04A4-4698-B3BA-925F54953423}.Debug|x64.Build.0 = Debug|x64
		{5D504818-04A4-4698-B3BA-925F54953423}.Debug|x86.ActiveCfg = Debug|Win32
		{5D504818-04A4-4698-B3BA-925F54953423}.Debug|x86.Build.0 = Debug|Win32
		{5D504818-04A4-4698-B3BA-925F54953423}.Release|x64.ActiveCfg = Release|x64
		{5D504818-04A4-4698-B3BA-925F54953423}.Release|x64.Build.0 = Release|x64
		{5D504818-04A4-4698-B3BA-925F54953423}.Release|x86.ActiveCfg = Release|Win32
		{5D504818-04A4-4698-B3BA-925F54953423}.Release|x86.Build.0 = Release|Win32
		{FA1813C1-F8EE-4235-B18B-04137F19406D}.Debug|x64.ActiveCfg = Debug|x64
		{FA1813C1-F8EE-4235-B18B-04137F19406D}.Debug|x64.Build.0 = Debug|x64
		{FA1813C1-F8EE-4235-B18B-04137F19406D}.Debug|x86.ActiveCfg = Debug|Win32
		{FA1813C1-F8EE-4235-B18B-04137F19406D}.Debug|x86.Build.0 = Debug|Win32
		{FA1813C1-F8EE-4235-B18B-04137F19406D}.Release|x64.ActiveCfg = Release|x64
		{FA1813C1-F8EE-4235-B18B-04137F19406D}.Release|x64.Build.0 = Release|x64
		{FA1813C1-F8EE-4235-B18B-04137F19406D}.Release|x86.ActiveCfg = Release|Win32
		{FA1813C1-F8EE-4235-B18B-04137F19406D}.Release|x86.Build.0 = Release|Win32
		{D05CB609-2593-4600-B4B7-E40310B3CBA4}.Debug|x64.ActiveCfg = Debug|x64
		{D05CB609-2593-4600-B4B7-E40310B3CBA4}.Debug|x64.Build.0 = Debug|x64
		{D05CB609-2593-4600-B4B7-E40310B3CBA4}.Debug|x86.ActiveCfg = Debug|Win32
		{D05CB609-2593-4600-B4B7-E40310B3CBA4}.Debug|x86.Build.0 = Debug|Win32
		{D05CB609-2593-4600-B4B7-E40310B3CBA4}.Release|x64.ActiveCfg = Release|x64
		{D05CB609-2593-4600-B4B7-E40310B3CBA4}.Release|x64.Build.0 = Release|x64
		{D05CB609-2593-4600-B4B7-E40310B3CBA4}.Release|x86.ActiveCfg = Release|Win32
		{D05CB609-2593-4600-B4B7-E40310B3CBA4}.Release|x86.Build.0 = Release|Win32
		{C95370C4-2763-42B7-8C3A-79EABC5F7895}.Debug|x64.ActiveCfg = Debug|x64
		{C95370C4-2763-42B7-8C3A-79EABC5F7895}.Debug|x64.Build.0 = Debug|x64
		{C95370C4-2763-42B7-8C3A-79EABC5F7895}.Debug|x86.ActiveCfg = Debug|Win32
		{C95370C4-2763-42B7-8C3A-79EABC5F7895}.Debug|x86.Build.0 = Debug|Win32
		{C95370C4-2763-42B7-8C3A-79EABC5F7895}.Release|x64.ActiveCfg = Release|x64
		{C95370C4-2763-42B7-8C3A-79EABC5F7895}.Release|x64.Build.0 = Release|x64
		{C95370C4-2763-42B7-8C3A-79EABC5F7895}.Release|x86.ActiveCfg = Release|Win32
		{C95370C4-2763-42B7-8C3A-79EABC5F7895}.Release|x86.Build.0 = Release|Win32
	EndGlobalSection
	GlobalSection(SolutionProperties) = preSolution
		HideSolutionNode = FALSE
	EndGlobalSection
	GlobalSection(ExtensibilityGlobals) = postSolution
		SolutionGuid = {9FFA7B22-8822-41CE-AF71-C508740BB883}
	EndGlobalSection
EndGlobal
